
Microsoft Visual Studio Solution File, Format Version 12.00
Project("{FAE04EC0-301F-11D3-BF4B-00C04F79EFBC}") = "OpenPolytopia", "OpenPolytopia\OpenPolytopia.csproj", "{2B02EE86-08BF-491D-BFD8-B7B202D3170F}"
EndProject
Project("{F2A71F9B-5D33-465A-A702-920D77279786}") = "FSharpLibrary", "FSharpLibrary\FSharpLibrary.fsproj", "{6260C6E1-129A-46DC-B46F-29B5B45B9158}"
EndProject
Project("{FAE04EC0-301F-11D3-BF4B-00C04F79EFBC}") = "OpenPolytopia.Common", "OpenPolytopia.Common\OpenPolytopia.Common.csproj", "{07BAA3DA-9489-4A3A-85AD-92C16108241D}"
EndProject
Project("{FAE04EC0-301F-11D3-BF4B-00C04F79EFBC}") = "OpenPolytopia.Server", "OpenPolytopia.Server\OpenPolytopia.Server.csproj", "{8AEBDE70-EA54-4927-8DD1-3E4E14AA0E19}"
EndProject
Global
	GlobalSection(SolutionConfigurationPlatforms) = preSolution
		Debug|Any CPU = Debug|Any CPU
		ExportDebug|Any CPU = ExportDebug|Any CPU
		ExportRelease|Any CPU = ExportRelease|Any CPU
	EndGlobalSection
	GlobalSection(ProjectConfigurationPlatforms) = postSolution
		{2B02EE86-08BF-491D-BFD8-B7B202D3170F}.Debug|Any CPU.ActiveCfg = Debug|Any CPU
		{2B02EE86-08BF-491D-BFD8-B7B202D3170F}.Debug|Any CPU.Build.0 = Debug|Any CPU
		{2B02EE86-08BF-491D-BFD8-B7B202D3170F}.ExportDebug|Any CPU.ActiveCfg = ExportDebug|Any CPU
		{2B02EE86-08BF-491D-BFD8-B7B202D3170F}.ExportDebug|Any CPU.Build.0 = ExportDebug|Any CPU
		{2B02EE86-08BF-491D-BFD8-B7B202D3170F}.ExportRelease|Any CPU.ActiveCfg = ExportRelease|Any CPU
		{2B02EE86-08BF-491D-BFD8-B7B202D3170F}.ExportRelease|Any CPU.Build.0 = ExportRelease|Any CPU
		{6260C6E1-129A-46DC-B46F-29B5B45B9158}.Debug|Any CPU.ActiveCfg = Debug|Any CPU
		{6260C6E1-129A-46DC-B46F-29B5B45B9158}.Debug|Any CPU.Build.0 = Debug|Any CPU
		{6260C6E1-129A-46DC-B46F-29B5B45B9158}.ExportDebug|Any CPU.ActiveCfg = Debug|Any CPU
		{6260C6E1-129A-46DC-B46F-29B5B45B9158}.ExportDebug|Any CPU.Build.0 = Debug|Any CPU
		{6260C6E1-129A-46DC-B46F-29B5B45B9158}.ExportRelease|Any CPU.ActiveCfg = Debug|Any CPU
		{6260C6E1-129A-46DC-B46F-29B5B45B9158}.ExportRelease|Any CPU.Build.0 = Debug|Any CPU
		{07BAA3DA-9489-4A3A-85AD-92C16108241D}.Debug|Any CPU.ActiveCfg = Debug|Any CPU
		{07BAA3DA-9489-4A3A-85AD-92C16108241D}.Debug|Any CPU.Build.0 = Debug|Any CPU
		{07BAA3DA-9489-4A3A-85AD-92C16108241D}.ExportDebug|Any CPU.ActiveCfg = Debug|Any CPU
		{07BAA3DA-9489-4A3A-85AD-92C16108241D}.ExportDebug|Any CPU.Build.0 = Debug|Any CPU
		{07BAA3DA-9489-4A3A-85AD-92C16108241D}.ExportRelease|Any CPU.ActiveCfg = Debug|Any CPU
		{07BAA3DA-9489-4A3A-85AD-92C16108241D}.ExportRelease|Any CPU.Build.0 = Debug|Any CPU
		{8AEBDE70-EA54-4927-8DD1-3E4E14AA0E19}.Debug|Any CPU.ActiveCfg = Debug|Any CPU
		{8AEBDE70-EA54-4927-8DD1-3E4E14AA0E19}.Debug|Any CPU.Build.0 = Debug|Any CPU
		{8AEBDE70-EA54-4927-8DD1-3E4E14AA0E19}.ExportDebug|Any CPU.ActiveCfg = Debug|Any CPU
		{8AEBDE70-EA54-4927-8DD1-3E4E14AA0E19}.ExportDebug|Any CPU.Build.0 = Debug|Any CPU
		{8AEBDE70-EA54-4927-8DD1-3E4E14AA0E19}.ExportRelease|Any CPU.ActiveCfg = Debug|Any CPU
		{8AEBDE70-EA54-4927-8DD1-3E4E14AA0E19}.ExportRelease|Any CPU.Build.0 = Debug|Any CPU
	EndGlobalSection
EndGlobal
