
Microsoft Visual Studio Solution File, Format Version 12.00
Project("{FAE04EC0-301F-11D3-BF4B-00C04F79EFBC}") = "OpenPolytopia", "OpenPolytopia\OpenPolytopia.csproj", "{2B02EE86-08BF-491D-BFD8-B7B202D3170F}"
EndProject
Project("{FAE04EC0-301F-11D3-BF4B-00C04F79EFBC}") = "OpenPolytopia.Common", "OpenPolytopia.Common\OpenPolytopia.Common.csproj", "{07BAA3DA-9489-4A3A-85AD-92C16108241D}"
EndProject
Project("{FAE04EC0-301F-11D3-BF4B-00C04F79EFBC}") = "OpenPolytopia.Server", "OpenPolytopia.Server\OpenPolytopia.Server.csproj", "{0B313502-8039-43DA-AC92-4B8146E88349}"
EndProject
Project("{FAE04EC0-301F-11D3-BF4B-00C04F79EFBC}") = "OpenPolytopia.UnitTest", "OpenPolytopia.UnitTest\OpenPolytopia.UnitTest.csproj", "{321414DE-F24C-4359-A469-6F6FC29B09D7}"
EndProject
Global
	GlobalSection(SolutionConfigurationPlatforms) = preSolution
		Debug|Any CPU = Debug|Any CPU
		Debug|x64 = Debug|x64
		Debug|x86 = Debug|x86
		ExportDebug|Any CPU = ExportDebug|Any CPU
		ExportDebug|x64 = ExportDebug|x64
		ExportDebug|x86 = ExportDebug|x86
		ExportRelease|Any CPU = ExportRelease|Any CPU
		ExportRelease|x64 = ExportRelease|x64
		ExportRelease|x86 = ExportRelease|x86
		Release|Any CPU = Release|Any CPU
		Release|x64 = Release|x64
		Release|x86 = Release|x86
	EndGlobalSection
	GlobalSection(ProjectConfigurationPlatforms) = postSolution
		{2B02EE86-08BF-491D-BFD8-B7B202D3170F}.Debug|Any CPU.ActiveCfg = Debug|Any CPU
		{2B02EE86-08BF-491D-BFD8-B7B202D3170F}.Debug|Any CPU.Build.0 = Debug|Any CPU
		{2B02EE86-08BF-491D-BFD8-B7B202D3170F}.Debug|x64.ActiveCfg = Debug|Any CPU
		{2B02EE86-08BF-491D-BFD8-B7B202D3170F}.Debug|x64.Build.0 = Debug|Any CPU
		{2B02EE86-08BF-491D-BFD8-B7B202D3170F}.Debug|x86.ActiveCfg = Debug|Any CPU
		{2B02EE86-08BF-491D-BFD8-B7B202D3170F}.Debug|x86.Build.0 = Debug|Any CPU
		{2B02EE86-08BF-491D-BFD8-B7B202D3170F}.ExportDebug|Any CPU.ActiveCfg = ExportDebug|Any CPU
		{2B02EE86-08BF-491D-BFD8-B7B202D3170F}.ExportDebug|Any CPU.Build.0 = ExportDebug|Any CPU
		{2B02EE86-08BF-491D-BFD8-B7B202D3170F}.ExportDebug|x64.ActiveCfg = ExportDebug|Any CPU
		{2B02EE86-08BF-491D-BFD8-B7B202D3170F}.ExportDebug|x64.Build.0 = ExportDebug|Any CPU
		{2B02EE86-08BF-491D-BFD8-B7B202D3170F}.ExportDebug|x86.ActiveCfg = ExportDebug|Any CPU
		{2B02EE86-08BF-491D-BFD8-B7B202D3170F}.ExportDebug|x86.Build.0 = ExportDebug|Any CPU
		{2B02EE86-08BF-491D-BFD8-B7B202D3170F}.ExportRelease|Any CPU.ActiveCfg = ExportRelease|Any CPU
		{2B02EE86-08BF-491D-BFD8-B7B202D3170F}.ExportRelease|Any CPU.Build.0 = ExportRelease|Any CPU
		{2B02EE86-08BF-491D-BFD8-B7B202D3170F}.ExportRelease|x64.ActiveCfg = ExportRelease|Any CPU
		{2B02EE86-08BF-491D-BFD8-B7B202D3170F}.ExportRelease|x64.Build.0 = ExportRelease|Any CPU
		{2B02EE86-08BF-491D-BFD8-B7B202D3170F}.ExportRelease|x86.ActiveCfg = ExportRelease|Any CPU
		{2B02EE86-08BF-491D-BFD8-B7B202D3170F}.ExportRelease|x86.Build.0 = ExportRelease|Any CPU
		{2B02EE86-08BF-491D-BFD8-B7B202D3170F}.Release|Any CPU.ActiveCfg = Release|Any CPU
		{2B02EE86-08BF-491D-BFD8-B7B202D3170F}.Release|Any CPU.Build.0 = Release|Any CPU
		{2B02EE86-08BF-491D-BFD8-B7B202D3170F}.Release|x64.ActiveCfg = Release|Any CPU
		{2B02EE86-08BF-491D-BFD8-B7B202D3170F}.Release|x64.Build.0 = Release|Any CPU
		{2B02EE86-08BF-491D-BFD8-B7B202D3170F}.Release|x86.ActiveCfg = Release|Any CPU
		{2B02EE86-08BF-491D-BFD8-B7B202D3170F}.Release|x86.Build.0 = Release|Any CPU
		{07BAA3DA-9489-4A3A-85AD-92C16108241D}.Debug|Any CPU.ActiveCfg = Debug|Any CPU
		{07BAA3DA-9489-4A3A-85AD-92C16108241D}.Debug|Any CPU.Build.0 = Debug|Any CPU
		{07BAA3DA-9489-4A3A-85AD-92C16108241D}.Debug|x64.ActiveCfg = Debug|Any CPU
		{07BAA3DA-9489-4A3A-85AD-92C16108241D}.Debug|x64.Build.0 = Debug|Any CPU
		{07BAA3DA-9489-4A3A-85AD-92C16108241D}.Debug|x86.ActiveCfg = Debug|Any CPU
		{07BAA3DA-9489-4A3A-85AD-92C16108241D}.Debug|x86.Build.0 = Debug|Any CPU
		{07BAA3DA-9489-4A3A-85AD-92C16108241D}.ExportDebug|Any CPU.ActiveCfg = Debug|Any CPU
		{07BAA3DA-9489-4A3A-85AD-92C16108241D}.ExportDebug|Any CPU.Build.0 = Debug|Any CPU
		{07BAA3DA-9489-4A3A-85AD-92C16108241D}.ExportDebug|x64.ActiveCfg = ExportDebug|Any CPU
		{07BAA3DA-9489-4A3A-85AD-92C16108241D}.ExportDebug|x64.Build.0 = ExportDebug|Any CPU
		{07BAA3DA-9489-4A3A-85AD-92C16108241D}.ExportDebug|x86.ActiveCfg = ExportDebug|Any CPU
		{07BAA3DA-9489-4A3A-85AD-92C16108241D}.ExportDebug|x86.Build.0 = ExportDebug|Any CPU
		{07BAA3DA-9489-4A3A-85AD-92C16108241D}.ExportRelease|Any CPU.ActiveCfg = Debug|Any CPU
		{07BAA3DA-9489-4A3A-85AD-92C16108241D}.ExportRelease|Any CPU.Build.0 = Debug|Any CPU
		{07BAA3DA-9489-4A3A-85AD-92C16108241D}.ExportRelease|x64.ActiveCfg = ExportRelease|Any CPU
		{07BAA3DA-9489-4A3A-85AD-92C16108241D}.ExportRelease|x64.Build.0 = ExportRelease|Any CPU
		{07BAA3DA-9489-4A3A-85AD-92C16108241D}.ExportRelease|x86.ActiveCfg = ExportRelease|Any CPU
		{07BAA3DA-9489-4A3A-85AD-92C16108241D}.ExportRelease|x86.Build.0 = ExportRelease|Any CPU
		{07BAA3DA-9489-4A3A-85AD-92C16108241D}.Release|Any CPU.ActiveCfg = Release|Any CPU
		{07BAA3DA-9489-4A3A-85AD-92C16108241D}.Release|Any CPU.Build.0 = Release|Any CPU
		{07BAA3DA-9489-4A3A-85AD-92C16108241D}.Release|x64.ActiveCfg = Release|Any CPU
		{07BAA3DA-9489-4A3A-85AD-92C16108241D}.Release|x64.Build.0 = Release|Any CPU
		{07BAA3DA-9489-4A3A-85AD-92C16108241D}.Release|x86.ActiveCfg = Release|Any CPU
		{07BAA3DA-9489-4A3A-85AD-92C16108241D}.Release|x86.Build.0 = Release|Any CPU
		{0B313502-8039-43DA-AC92-4B8146E88349}.Debug|Any CPU.ActiveCfg = Debug|Any CPU
		{0B313502-8039-43DA-AC92-4B8146E88349}.Debug|Any CPU.Build.0 = Debug|Any CPU
		{0B313502-8039-43DA-AC92-4B8146E88349}.Debug|x64.ActiveCfg = Debug|Any CPU
		{0B313502-8039-43DA-AC92-4B8146E88349}.Debug|x64.Build.0 = Debug|Any CPU
		{0B313502-8039-43DA-AC92-4B8146E88349}.Debug|x86.ActiveCfg = Debug|Any CPU
		{0B313502-8039-43DA-AC92-4B8146E88349}.Debug|x86.Build.0 = Debug|Any CPU
		{0B313502-8039-43DA-AC92-4B8146E88349}.ExportDebug|Any CPU.ActiveCfg = Debug|Any CPU
		{0B313502-8039-43DA-AC92-4B8146E88349}.ExportDebug|Any CPU.Build.0 = Debug|Any CPU
		{0B313502-8039-43DA-AC92-4B8146E88349}.ExportDebug|x64.ActiveCfg = ExportDebug|Any CPU
		{0B313502-8039-43DA-AC92-4B8146E88349}.ExportDebug|x64.Build.0 = ExportDebug|Any CPU
		{0B313502-8039-43DA-AC92-4B8146E88349}.ExportDebug|x86.ActiveCfg = ExportDebug|Any CPU
		{0B313502-8039-43DA-AC92-4B8146E88349}.ExportDebug|x86.Build.0 = ExportDebug|Any CPU
		{0B313502-8039-43DA-AC92-4B8146E88349}.ExportRelease|Any CPU.ActiveCfg = Debug|Any CPU
		{0B313502-8039-43DA-AC92-4B8146E88349}.ExportRelease|Any CPU.Build.0 = Debug|Any CPU
		{0B313502-8039-43DA-AC92-4B8146E88349}.ExportRelease|x64.ActiveCfg = ExportRelease|Any CPU
		{0B313502-8039-43DA-AC92-4B8146E88349}.ExportRelease|x64.Build.0 = ExportRelease|Any CPU
		{0B313502-8039-43DA-AC92-4B8146E88349}.ExportRelease|x86.ActiveCfg = ExportRelease|Any CPU
		{0B313502-8039-43DA-AC92-4B8146E88349}.ExportRelease|x86.Build.0 = ExportRelease|Any CPU
		{0B313502-8039-43DA-AC92-4B8146E88349}.Release|Any CPU.ActiveCfg = Release|Any CPU
		{0B313502-8039-43DA-AC92-4B8146E88349}.Release|Any CPU.Build.0 = Release|Any CPU
		{0B313502-8039-43DA-AC92-4B8146E88349}.Release|x64.ActiveCfg = Release|Any CPU
		{0B313502-8039-43DA-AC92-4B8146E88349}.Release|x64.Build.0 = Release|Any CPU
		{0B313502-8039-43DA-AC92-4B8146E88349}.Release|x86.ActiveCfg = Release|Any CPU
		{0B313502-8039-43DA-AC92-4B8146E88349}.Release|x86.Build.0 = Release|Any CPU
		{321414DE-F24C-4359-A469-6F6FC29B09D7}.Debug|Any CPU.ActiveCfg = Debug|Any CPU
		{321414DE-F24C-4359-A469-6F6FC29B09D7}.Debug|Any CPU.Build.0 = Debug|Any CPU
		{321414DE-F24C-4359-A469-6F6FC29B09D7}.Debug|x64.ActiveCfg = Debug|Any CPU
		{321414DE-F24C-4359-A469-6F6FC29B09D7}.Debug|x64.Build.0 = Debug|Any CPU
		{321414DE-F24C-4359-A469-6F6FC29B09D7}.Debug|x86.ActiveCfg = Debug|Any CPU
		{321414DE-F24C-4359-A469-6F6FC29B09D7}.Debug|x86.Build.0 = Debug|Any CPU
		{321414DE-F24C-4359-A469-6F6FC29B09D7}.ExportDebug|Any CPU.ActiveCfg = Debug|Any CPU
		{321414DE-F24C-4359-A469-6F6FC29B09D7}.ExportDebug|Any CPU.Build.0 = Debug|Any CPU
		{321414DE-F24C-4359-A469-6F6FC29B09D7}.ExportDebug|x64.ActiveCfg = Debug|Any CPU
		{321414DE-F24C-4359-A469-6F6FC29B09D7}.ExportDebug|x64.Build.0 = Debug|Any CPU
		{321414DE-F24C-4359-A469-6F6FC29B09D7}.ExportDebug|x86.ActiveCfg = Debug|Any CPU
		{321414DE-F24C-4359-A469-6F6FC29B09D7}.ExportDebug|x86.Build.0 = Debug|Any CPU
		{321414DE-F24C-4359-A469-6F6FC29B09D7}.ExportRelease|Any CPU.ActiveCfg = Debug|Any CPU
		{321414DE-F24C-4359-A469-6F6FC29B09D7}.ExportRelease|Any CPU.Build.0 = Debug|Any CPU
		{321414DE-F24C-4359-A469-6F6FC29B09D7}.ExportRelease|x64.ActiveCfg = Debug|Any CPU
		{321414DE-F24C-4359-A469-6F6FC29B09D7}.ExportRelease|x64.Build.0 = Debug|Any CPU
		{321414DE-F24C-4359-A469-6F6FC29B09D7}.ExportRelease|x86.ActiveCfg = Debug|Any CPU
		{321414DE-F24C-4359-A469-6F6FC29B09D7}.ExportRelease|x86.Build.0 = Debug|Any CPU
		{321414DE-F24C-4359-A469-6F6FC29B09D7}.Release|Any CPU.ActiveCfg = Release|Any CPU
		{321414DE-F24C-4359-A469-6F6FC29B09D7}.Release|Any CPU.Build.0 = Release|Any CPU
		{321414DE-F24C-4359-A469-6F6FC29B09D7}.Release|x64.ActiveCfg = Release|Any CPU
		{321414DE-F24C-4359-A469-6F6FC29B09D7}.Release|x64.Build.0 = Release|Any CPU
		{321414DE-F24C-4359-A469-6F6FC29B09D7}.Release|x86.ActiveCfg = Release|Any CPU
		{321414DE-F24C-4359-A469-6F6FC29B09D7}.Release|x86.Build.0 = Release|Any CPU
	EndGlobalSection
	GlobalSection(SolutionProperties) = preSolution
		HideSolutionNode = FALSE
	EndGlobalSection
EndGlobal
